
Microsoft Visual Studio Solution File, Format Version 12.00
# Visual Studio Version 16
VisualStudioVersion = 16.0.31515.178
MinimumVisualStudioVersion = 10.0.40219.1
Project("{FAE04EC0-301F-11D3-BF4B-00C04F79EFBC}") = "Code", "Code\Code.csproj", "{066ED984-4686-469F-844C-7A3BC827ACDC}"
EndProject
Project("{FAE04EC0-301F-11D3-BF4B-00C04F79EFBC}") = "Test", "Test\Test.csproj", "{A8771DC5-0E66-4925-89BD-F56B64BA725E}"
EndProject
Global
	GlobalSection(SolutionConfigurationPlatforms) = preSolution
		Debug|Any CPU = Debug|Any CPU
		Release|Any CPU = Release|Any CPU
	EndGlobalSection
	GlobalSection(ProjectConfigurationPlatforms) = postSolution
		{066ED984-4686-469F-844C-7A3BC827ACDC}.Debug|Any CPU.ActiveCfg = Debug|Any CPU
		{066ED984-4686-469F-844C-7A3BC827ACDC}.Debug|Any CPU.Build.0 = Debug|Any CPU
		{066ED984-4686-469F-844C-7A3BC827ACDC}.Release|Any CPU.ActiveCfg = Release|Any CPU
		{066ED984-4686-469F-844C-7A3BC827ACDC}.Release|Any CPU.Build.0 = Release|Any CPU
		{A8771DC5-0E66-4925-89BD-F56B64BA725E}.Debug|Any CPU.ActiveCfg = Debug|Any CPU
		{A8771DC5-0E66-4925-89BD-F56B64BA725E}.Debug|Any CPU.Build.0 = Debug|Any CPU
		{A8771DC5-0E66-4925-89BD-F56B64BA725E}.Release|Any CPU.ActiveCfg = Release|Any CPU
		{A8771DC5-0E66-4925-89BD-F56B64BA725E}.Release|Any CPU.Build.0 = Release|Any CPU
	EndGlobalSection
	GlobalSection(SolutionProperties) = preSolution
		HideSolutionNode = FALSE
	EndGlobalSection
	GlobalSection(ExtensibilityGlobals) = postSolution
		SolutionGuid = {F51BC449-DBB6-44FF-A38E-112FC1113AF8}
	EndGlobalSection
EndGlobal
